
Microsoft Visual Studio Solution File, Format Version 12.00
# Visual Studio Version 16
VisualStudioVersion = 16.0.30503.244
MinimumVisualStudioVersion = 10.0.40219.1
Project("{8BC9CEB8-8B4A-11D0-8D11-00A0C91BC942}") = "Programmers_Algorithm", "Programmers_Algorithm.vcxproj", "{0F26E1C7-6767-4D88-A5AD-84931CA1B962}"
EndProject
Global
	GlobalSection(SolutionConfigurationPlatforms) = preSolution
		Debug|x64 = Debug|x64
		Debug|x86 = Debug|x86
		Release|x64 = Release|x64
		Release|x86 = Release|x86
	EndGlobalSection
	GlobalSection(ProjectConfigurationPlatforms) = postSolution
		{0F26E1C7-6767-4D88-A5AD-84931CA1B962}.Debug|x64.ActiveCfg = Debug|x64
		{0F26E1C7-6767-4D88-A5AD-84931CA1B962}.Debug|x64.Build.0 = Debug|x64
		{0F26E1C7-6767-4D88-A5AD-84931CA1B962}.Debug|x86.ActiveCfg = Debug|Win32
		{0F26E1C7-6767-4D88-A5AD-84931CA1B962}.Debug|x86.Build.0 = Debug|Win32
		{0F26E1C7-6767-4D88-A5AD-84931CA1B962}.Release|x64.ActiveCfg = Release|x64
		{0F26E1C7-6767-4D88-A5AD-84931CA1B962}.Release|x64.Build.0 = Release|x64
		{0F26E1C7-6767-4D88-A5AD-84931CA1B962}.Release|x86.ActiveCfg = Release|Win32
		{0F26E1C7-6767-4D88-A5AD-84931CA1B962}.Release|x86.Build.0 = Release|Win32
	EndGlobalSection
	GlobalSection(SolutionProperties) = preSolution
		HideSolutionNode = FALSE
	EndGlobalSection
	GlobalSection(ExtensibilityGlobals) = postSolution
		SolutionGuid = {AAB20311-CAF1-498C-B8D4-FF6032BFE24B}
	EndGlobalSection
EndGlobal
